
Microsoft Visual Studio Solution File, Format Version 12.00
# Visual Studio Version 17
VisualStudioVersion = 17.13.35913.81 d17.13
MinimumVisualStudioVersion = 10.0.40219.1
Project("{FAE04EC0-301F-11D3-BF4B-00C04F79EFBC}") = "AuthCsvApp", "AuthCsvApp\AuthCsvApp.csproj", "{15A12F7C-62AE-473E-9906-5A423C7DB5E7}"
EndProject
Global
	GlobalSection(SolutionConfigurationPlatforms) = preSolution
		Debug|Any CPU = Debug|Any CPU
		Release|Any CPU = Release|Any CPU
	EndGlobalSection
	GlobalSection(ProjectConfigurationPlatforms) = postSolution
		{15A12F7C-62AE-473E-9906-5A423C7DB5E7}.Debug|Any CPU.ActiveCfg = Debug|Any CPU
		{15A12F7C-62AE-473E-9906-5A423C7DB5E7}.Debug|Any CPU.Build.0 = Debug|Any CPU
		{15A12F7C-62AE-473E-9906-5A423C7DB5E7}.Release|Any CPU.ActiveCfg = Release|Any CPU
		{15A12F7C-62AE-473E-9906-5A423C7DB5E7}.Release|Any CPU.Build.0 = Release|Any CPU
	EndGlobalSection
	GlobalSection(SolutionProperties) = preSolution
		HideSolutionNode = FALSE
	EndGlobalSection
	GlobalSection(ExtensibilityGlobals) = postSolution
		SolutionGuid = {B16B2644-BEDF-4F47-B13B-4EECAB53B4B0}
	EndGlobalSection
EndGlobal
